{
    "_readme": [
        "This file locks the dependencies of your project to a known state",
        "Read more about it at https://getcomposer.org/doc/01-basic-usage.md#installing-dependencies",
        "This file is @generated automatically"
    ],
    "content-hash": "fc38247ff72fe56aa57d7f3f1e0ee7c1",
    "packages": [
        {
            "name": "caouecs/laravel-lang",
            "version": "4.0.8",
            "source": {
                "type": "git",
                "url": "https://github.com/caouecs/Laravel-lang.git",
                "reference": "b508ae398fc1a8453a6877229e57460dd07ecfa2"
            },
            "dist": {
                "type": "zip",
                "url": "https://api.github.com/repos/caouecs/Laravel-lang/zipball/b508ae398fc1a8453a6877229e57460dd07ecfa2",
                "reference": "b508ae398fc1a8453a6877229e57460dd07ecfa2",
                "shasum": "",
                "mirrors": [
                    {
                        "url": "https://mirrors.aliyun.com/composer/dists/%package%/%reference%.%type%",
                        "preferred": true
                    }
                ]
            },
            "require": {
                "ext-json": "*"
            },
            "require-dev": {
                "friendsofphp/php-cs-fixer": "^2.10"
            },
            "suggest": {
                "ablunier/laravel-lang-installer": "Command for easily add languages to a Laravel project",
                "andrey-helldar/laravel-lang-publisher": "Easy installation and update of translation files for your project",
                "arcanedev/laravel-lang": "Translations manager and checker for Laravel 5",
                "overtrue/laravel-lang": "Command to add languages in your project"
            },
            "type": "library",
            "notification-url": "https://packagist.org/downloads/",
            "license": [
                "MIT"
            ],
            "authors": [
                {
                    "name": "caouecs",
                    "email": "caouecs@caouecs.net"
                }
            ],
            "description": "Languages for Laravel",
            "keywords": [
                "lang",
                "languages",
                "laravel",
                "lpm"
            ],
            "time": "2019-12-19T09:38:31+00:00"
        },
        {
            "name": "overtrue/laravel-lang",
            "version": "3.0.17",
            "source": {
                "type": "git",
                "url": "https://github.com/overtrue/laravel-lang.git",
                "reference": "b36ac877da7b44135e1e3368456577c149b2e228"
            },
            "dist": {
                "type": "zip",
                "url": "https://api.github.com/repos/overtrue/laravel-lang/zipball/b36ac877da7b44135e1e3368456577c149b2e228",
                "reference": "b36ac877da7b44135e1e3368456577c149b2e228",
                "shasum": "",
                "mirrors": [
                    {
                        "url": "https://mirrors.aliyun.com/composer/dists/%package%/%reference%.%type%",
                        "preferred": true
                    }
                ]
            },
            "require": {
                "caouecs/laravel-lang": "~4.0",
                "symfony/process": "^3.0|^4.0"
            },
            "type": "library",
            "autoload": {
                "psr-4": {
                    "Overtrue\\LaravelLang\\": "src/"
                },
                "files": [
                    "src/helpers.php"
                ]
            },
            "notification-url": "https://packagist.org/downloads/",
            "license": [
                "MIT"
            ],
            "authors": [
                {
                    "name": "overtrue",
                    "email": "anzhengchao@gmail.com"
                }
            ],
            "description": "List of 52 languages for Laravel 5",
            "keywords": [
                "languages",
                "laravel",
                "overtrue"
            ],
            "time": "2019-09-04T11:04:14+00:00"
        },
        {
            "name": "symfony/process",
            "version": "v4.4.2",
            "source": {
                "type": "git",
                "url": "https://github.com/symfony/process.git",
                "reference": "b84501ad50adb72a94fb460a5b5c91f693e99c9b"
            },
            "dist": {
                "type": "zip",
                "url": "https://api.github.com/repos/symfony/process/zipball/b84501ad50adb72a94fb460a5b5c91f693e99c9b",
                "reference": "b84501ad50adb72a94fb460a5b5c91f693e99c9b",
                "shasum": "",
                "mirrors": [
                    {
                        "url": "https://mirrors.aliyun.com/composer/dists/%package%/%reference%.%type%",
                        "preferred": true
                    }
                ]
            },
            "require": {
                "php": "^7.1.3"
            },
            "type": "library",
            "extra": {
                "branch-alias": {
                    "dev-master": "4.4-dev"
                }
            },
            "autoload": {
                "psr-4": {
                    "Symfony\\Component\\Process\\": ""
                },
                "exclude-from-classmap": [
                    "/Tests/"
                ]
            },
            "notification-url": "https://packagist.org/downloads/",
            "license": [
                "MIT"
            ],
            "authors": [
                {
                    "name": "Fabien Potencier",
                    "email": "fabien@symfony.com"
                },
                {
                    "name": "Symfony Community",
                    "homepage": "https://symfony.com/contributors"
                }
            ],
            "description": "Symfony Process Component",
            "homepage": "https://symfony.com",
            "time": "2019-12-06T10:06:46+00:00"
        }
    ],
    "packages-dev": [],
    "aliases": [],
    "minimum-stability": "stable",
    "stability-flags": [],
    "prefer-stable": false,
    "prefer-lowest": false,
    "platform": [],
    "platform-dev": []
}
